{
  "version": 4,
  "terraform_version": "0.12.0",
  "serial": 15,
  "lineage": "c0372569-45ad-25aa-67ee-b05329fdbaef",
  "outputs": {
    "ip": {
      "value": [
        "34.87.108.241",
        "35.197.158.128",
        "34.87.27.155"
      ],
      "type": [
        "tuple",
        [
          "string",
          "string",
          "string"
        ]
      ]
    }
  },
  "resources": [
    {
      "mode": "managed",
      "type": "google_compute_instance",
      "name": "tf_instance",
      "each": "list",
      "provider": "provider.google",
      "instances": [
        {
          "index_key": 0,
          "schema_version": 6,
          "attributes": {
            "allow_stopping_for_update": null,
            "attached_disk": [],
            "boot_disk": [
              {
                "auto_delete": true,
                "device_name": "persistent-disk-0",
                "disk_encryption_key_raw": "",
                "disk_encryption_key_sha256": "",
                "initialize_params": [
                  {
                    "image": "https://www.googleapis.com/compute/v1/projects/ubuntu-os-cloud/global/images/ubuntu-1804-bionic-v20190530",
                    "size": 30,
                    "type": "pd-standard"
                  }
                ],
                "kms_key_self_link": "",
                "source": "https://www.googleapis.com/compute/v1/projects/pronto-242218/zones/asia-southeast1-c/disks/tf-instance-0"
              }
            ],
            "can_ip_forward": false,
            "cpu_platform": "Intel Skylake",
            "deletion_protection": false,
            "description": null,
            "disk": [],
            "guest_accelerator": [],
            "hostname": "",
            "id": "tf-instance-0",
            "instance_id": "5838001502628512047",
            "label_fingerprint": "42WmSpB8rSM=",
            "labels": null,
            "machine_type": "n1-standard-1",
            "metadata": {
              "sshKeys": "kaotu:ssh-rsa AAAAB3NzaC1yc2EAAAABJQAAAQEAi/h1TCSg5WV9vdRAmoF0imB15Drw92tgz5uIRGJRK8Kb9VRp1yy8Xxe+2IVIVC+bZmR7/zj5+eHFZrY5vu40ZNSMFjYmtKP1XHyjYxURQg7TRkvB44qn5CHN1IGjuuwzselIRWMhngEuxbhJ9raqVUc49+TZEHy+XnKqi8EOhO73jEJuZe6HToIAipZT6xjizRPxHQeL2H99toUtqw5JcpmUga27oB/RRerIP2BO2CSBOTrXj/VZaHUCeeEf0tK/VHXvWPOQiLiadEOfybThr7t5zPAVp6uWsNYizav1gA77X3RjQczERYBn3DwF03U1YIIG2i/a3V6zazHPM8SdTQ== kaotu"
            },
            "metadata_fingerprint": "W7sHFSfF040=",
            "metadata_startup_script": "",
            "min_cpu_platform": "",
            "name": "tf-instance-0",
            "network_interface": [
              {
                "access_config": [
                  {
                    "assigned_nat_ip": "",
                    "nat_ip": "34.87.108.241",
                    "network_tier": "PREMIUM",
                    "public_ptr_domain_name": ""
                  }
                ],
                "address": "",
                "alias_ip_range": [],
                "name": "nic0",
                "network": "https://www.googleapis.com/compute/v1/projects/pronto-242218/global/networks/default",
                "network_ip": "10.148.0.9",
                "subnetwork": "https://www.googleapis.com/compute/v1/projects/pronto-242218/regions/asia-southeast1/subnetworks/default",
                "subnetwork_project": "pronto-242218"
              }
            ],
            "project": "pronto-242218",
            "scheduling": [
              {
                "automatic_restart": true,
                "node_affinities": [],
                "on_host_maintenance": "MIGRATE",
                "preemptible": false
              }
            ],
            "scratch_disk": [],
            "self_link": "https://www.googleapis.com/compute/v1/projects/pronto-242218/zones/asia-southeast1-c/instances/tf-instance-0",
            "service_account": [],
            "shielded_instance_config": [],
            "tags": [
              "my-web"
            ],
            "tags_fingerprint": "qULPHCZboxg=",
            "timeouts": null,
            "zone": "asia-southeast1-c"
          }
        },
        {
          "index_key": 1,
          "schema_version": 6,
          "attributes": {
            "allow_stopping_for_update": null,
            "attached_disk": [],
            "boot_disk": [
              {
                "auto_delete": true,
                "device_name": "persistent-disk-0",
                "disk_encryption_key_raw": "",
                "disk_encryption_key_sha256": "",
                "initialize_params": [
                  {
                    "image": "https://www.googleapis.com/compute/v1/projects/ubuntu-os-cloud/global/images/ubuntu-1804-bionic-v20190530",
                    "size": 30,
                    "type": "pd-standard"
                  }
                ],
                "kms_key_self_link": "",
                "source": "https://www.googleapis.com/compute/v1/projects/pronto-242218/zones/asia-southeast1-c/disks/tf-instance-1"
              }
            ],
            "can_ip_forward": false,
            "cpu_platform": "Intel Skylake",
            "deletion_protection": false,
            "description": null,
            "disk": [],
            "guest_accelerator": [],
            "hostname": "",
            "id": "tf-instance-1",
            "instance_id": "4735483883076616495",
            "label_fingerprint": "42WmSpB8rSM=",
            "labels": null,
            "machine_type": "n1-standard-1",
            "metadata": {
              "sshKeys": "kaotu:ssh-rsa AAAAB3NzaC1yc2EAAAABJQAAAQEAi/h1TCSg5WV9vdRAmoF0imB15Drw92tgz5uIRGJRK8Kb9VRp1yy8Xxe+2IVIVC+bZmR7/zj5+eHFZrY5vu40ZNSMFjYmtKP1XHyjYxURQg7TRkvB44qn5CHN1IGjuuwzselIRWMhngEuxbhJ9raqVUc49+TZEHy+XnKqi8EOhO73jEJuZe6HToIAipZT6xjizRPxHQeL2H99toUtqw5JcpmUga27oB/RRerIP2BO2CSBOTrXj/VZaHUCeeEf0tK/VHXvWPOQiLiadEOfybThr7t5zPAVp6uWsNYizav1gA77X3RjQczERYBn3DwF03U1YIIG2i/a3V6zazHPM8SdTQ== kaotu"
            },
            "metadata_fingerprint": "W7sHFSfF040=",
            "metadata_startup_script": "",
            "min_cpu_platform": "",
            "name": "tf-instance-1",
            "network_interface": [
              {
                "access_config": [
                  {
                    "assigned_nat_ip": "",
                    "nat_ip": "35.197.158.128",
                    "network_tier": "PREMIUM",
                    "public_ptr_domain_name": ""
                  }
                ],
                "address": "",
                "alias_ip_range": [],
                "name": "nic0",
                "network": "https://www.googleapis.com/compute/v1/projects/pronto-242218/global/networks/default",
                "network_ip": "10.148.0.8",
                "subnetwork": "https://www.googleapis.com/compute/v1/projects/pronto-242218/regions/asia-southeast1/subnetworks/default",
                "subnetwork_project": "pronto-242218"
              }
            ],
            "project": "pronto-242218",
            "scheduling": [
              {
                "automatic_restart": true,
                "node_affinities": [],
                "on_host_maintenance": "MIGRATE",
                "preemptible": false
              }
            ],
            "scratch_disk": [],
            "self_link": "https://www.googleapis.com/compute/v1/projects/pronto-242218/zones/asia-southeast1-c/instances/tf-instance-1",
            "service_account": [],
            "shielded_instance_config": [],
            "tags": [
              "my-web"
            ],
            "tags_fingerprint": "qULPHCZboxg=",
            "timeouts": null,
            "zone": "asia-southeast1-c"
          }
        },
        {
          "index_key": 2,
          "schema_version": 6,
          "attributes": {
            "allow_stopping_for_update": null,
            "attached_disk": [],
            "boot_disk": [
              {
                "auto_delete": true,
                "device_name": "persistent-disk-0",
                "disk_encryption_key_raw": "",
                "disk_encryption_key_sha256": "",
                "initialize_params": [
                  {
                    "image": "https://www.googleapis.com/compute/v1/projects/ubuntu-os-cloud/global/images/ubuntu-1804-bionic-v20190530",
                    "size": 30,
                    "type": "pd-standard"
                  }
                ],
                "kms_key_self_link": "",
                "source": "https://www.googleapis.com/compute/v1/projects/pronto-242218/zones/asia-southeast1-c/disks/tf-instance-2"
              }
            ],
            "can_ip_forward": false,
            "cpu_platform": "Intel Skylake",
            "deletion_protection": false,
            "description": null,
            "disk": [],
            "guest_accelerator": [],
            "hostname": "",
            "id": "tf-instance-2",
            "instance_id": "3066648819520143663",
            "label_fingerprint": "42WmSpB8rSM=",
            "labels": null,
            "machine_type": "n1-standard-1",
            "metadata": {
              "sshKeys": "kaotu:ssh-rsa AAAAB3NzaC1yc2EAAAABJQAAAQEAi/h1TCSg5WV9vdRAmoF0imB15Drw92tgz5uIRGJRK8Kb9VRp1yy8Xxe+2IVIVC+bZmR7/zj5+eHFZrY5vu40ZNSMFjYmtKP1XHyjYxURQg7TRkvB44qn5CHN1IGjuuwzselIRWMhngEuxbhJ9raqVUc49+TZEHy+XnKqi8EOhO73jEJuZe6HToIAipZT6xjizRPxHQeL2H99toUtqw5JcpmUga27oB/RRerIP2BO2CSBOTrXj/VZaHUCeeEf0tK/VHXvWPOQiLiadEOfybThr7t5zPAVp6uWsNYizav1gA77X3RjQczERYBn3DwF03U1YIIG2i/a3V6zazHPM8SdTQ== kaotu"
            },
            "metadata_fingerprint": "W7sHFSfF040=",
            "metadata_startup_script": "",
            "min_cpu_platform": "",
            "name": "tf-instance-2",
            "network_interface": [
              {
                "access_config": [
                  {
                    "assigned_nat_ip": "",
                    "nat_ip": "34.87.27.155",
                    "network_tier": "PREMIUM",
                    "public_ptr_domain_name": ""
                  }
                ],
                "address": "",
                "alias_ip_range": [],
                "name": "nic0",
                "network": "https://www.googleapis.com/compute/v1/projects/pronto-242218/global/networks/default",
                "network_ip": "10.148.0.7",
                "subnetwork": "https://www.googleapis.com/compute/v1/projects/pronto-242218/regions/asia-southeast1/subnetworks/default",
                "subnetwork_project": "pronto-242218"
              }
            ],
            "project": "pronto-242218",
            "scheduling": [
              {
                "automatic_restart": true,
                "node_affinities": [],
                "on_host_maintenance": "MIGRATE",
                "preemptible": false
              }
            ],
            "scratch_disk": [],
            "self_link": "https://www.googleapis.com/compute/v1/projects/pronto-242218/zones/asia-southeast1-c/instances/tf-instance-2",
            "service_account": [],
            "shielded_instance_config": [],
            "tags": [
              "my-web"
            ],
            "tags_fingerprint": "qULPHCZboxg=",
            "timeouts": null,
            "zone": "asia-southeast1-c"
          }
        }
      ]
    }
  ]
}
